{
    "_meta": {
        "hash": {
            "sha256": "a7189c1272079e26d06e891c706ea194c58c909afd869aefd18aeb99a1054e0a"
        },
        "pipfile-spec": 6,
        "requires": {
            "python_version": "3.7"
        },
        "sources": [
            {
                "name": "pypi",
                "url": "https://pypi.org/simple",
                "verify_ssl": true
            }
        ]
    },
    "default": {
        "mobileface": {
            "path": "."
        }
    },
    "develop": {}
}
